// !$*UTF8*$!
{
	archiveVersion = 1;
	classes = {
	};
	objectVersion = 46;
	objects = {

/* Begin PBXBuildFile section */
		C547216817828B3E00851DDA /* Foundation.framework in Frameworks */ = {isa = PBXBuildFile; fileRef = C547216717828B3E00851DDA /* Foundation.framework */; };
		C547216B17828B3E00851DDA /* main.m in Sources */ = {isa = PBXBuildFile; fileRef = C547216A17828B3E00851DDA /* main.m */; };
		C547217717828B5A00851DDA /* HttpHeader.m in Sources */ = {isa = PBXBuildFile; fileRef = C547217617828B5A00851DDA /* HttpHeader.m */; };
		C55B76AB1797109A0001ADE9 /* HttpUrl.m in Sources */ = {isa = PBXBuildFile; fileRef = C55B76AA1797109A0001ADE9 /* HttpUrl.m */; };
		C5F4D0B01784D25100BFE5A3 /* HttpError.m in Sources */ = {isa = PBXBuildFile; fileRef = C5F4D0AF1784D25100BFE5A3 /* HttpError.m */; };
		C5F4D0B6178892B600BFE5A3 /* TcpServer.m in Sources */ = {isa = PBXBuildFile; fileRef = C5F4D0B5178892B600BFE5A3 /* TcpServer.m */; };
		C5F4D0B9178A222900BFE5A3 /* TcpConnection.m in Sources */ = {isa = PBXBuildFile; fileRef = C5F4D0B8178A222900BFE5A3 /* TcpConnection.m */; };
		C5F4D0BC178C1D2400BFE5A3 /* HttpStatusCodes.m in Sources */ = {isa = PBXBuildFile; fileRef = C5F4D0BB178C1D2400BFE5A3 /* HttpStatusCodes.m */; };
		C5F4D0BF178C527B00BFE5A3 /* HttpServerRequest.m in Sources */ = {isa = PBXBuildFile; fileRef = C5F4D0BE178C527B00BFE5A3 /* HttpServerRequest.m */; };
		C5F4D0C2178CBF8200BFE5A3 /* HttpServer.m in Sources */ = {isa = PBXBuildFile; fileRef = C5F4D0C1178CBF8200BFE5A3 /* HttpServer.m */; };
		C5F4D0C5178CC02D00BFE5A3 /* HttpServerResponse.m in Sources */ = {isa = PBXBuildFile; fileRef = C5F4D0C4178CC02D00BFE5A3 /* HttpServerResponse.m */; };
		C5F4D0C8178E179A00BFE5A3 /* HttpHeaderConstants.m in Sources */ = {isa = PBXBuildFile; fileRef = C5F4D0C7178E179A00BFE5A3 /* HttpHeaderConstants.m */; };
		C5F4D0CD179224EC00BFE5A3 /* HelloServer.m in Sources */ = {isa = PBXBuildFile; fileRef = C5F4D0CC179224EC00BFE5A3 /* HelloServer.m */; };
		C5F4D0D11792267400BFE5A3 /* EchoServer.m in Sources */ = {isa = PBXBuildFile; fileRef = C5F4D0D01792267400BFE5A3 /* EchoServer.m */; };
		C5F4D0D31793706C00BFE5A3 /* FileServer.m in Sources */ = {isa = PBXBuildFile; fileRef = C5F4D0D21793706B00BFE5A3 /* FileServer.m */; };
/* End PBXBuildFile section */

/* Begin PBXCopyFilesBuildPhase section */
		C547216217828B3E00851DDA /* CopyFiles */ = {
			isa = PBXCopyFilesBuildPhase;
			buildActionMask = 2147483647;
			dstPath = /usr/share/man/man1/;
			dstSubfolderSpec = 0;
			files = (
			);
			runOnlyForDeploymentPostprocessing = 1;
		};
/* End PBXCopyFilesBuildPhase section */

/* Begin PBXFileReference section */
		C547216417828B3E00851DDA /* http */ = {isa = PBXFileReference; explicitFileType = "compiled.mach-o.executable"; includeInIndex = 0; path = http; sourceTree = BUILT_PRODUCTS_DIR; };
		C547216717828B3E00851DDA /* Foundation.framework */ = {isa = PBXFileReference; lastKnownFileType = wrapper.framework; name = Foundation.framework; path = System/Library/Frameworks/Foundation.framework; sourceTree = SDKROOT; };
		C547216A17828B3E00851DDA /* main.m */ = {isa = PBXFileReference; lastKnownFileType = sourcecode.c.objc; path = main.m; sourceTree = "<group>"; };
		C547216D17828B3E00851DDA /* http-Prefix.pch */ = {isa = PBXFileReference; lastKnownFileType = sourcecode.c.h; path = "http-Prefix.pch"; sourceTree = "<group>"; };
		C547217517828B5A00851DDA /* HttpHeader.h */ = {isa = PBXFileReference; fileEncoding = 4; lastKnownFileType = sourcecode.c.h; path = HttpHeader.h; sourceTree = "<group>"; };
		C547217617828B5A00851DDA /* HttpHeader.m */ = {isa = PBXFileReference; fileEncoding = 4; lastKnownFileType = sourcecode.c.objc; path = HttpHeader.m; sourceTree = "<group>"; };
		C55B76A91797109A0001ADE9 /* HttpUrl.h */ = {isa = PBXFileReference; fileEncoding = 4; lastKnownFileType = sourcecode.c.h; path = HttpUrl.h; sourceTree = "<group>"; };
		C55B76AA1797109A0001ADE9 /* HttpUrl.m */ = {isa = PBXFileReference; fileEncoding = 4; lastKnownFileType = sourcecode.c.objc; path = HttpUrl.m; sourceTree = "<group>"; };
		C5F4D0AE1784D25100BFE5A3 /* HttpError.h */ = {isa = PBXFileReference; fileEncoding = 4; lastKnownFileType = sourcecode.c.h; path = HttpError.h; sourceTree = "<group>"; };
		C5F4D0AF1784D25100BFE5A3 /* HttpError.m */ = {isa = PBXFileReference; fileEncoding = 4; lastKnownFileType = sourcecode.c.objc; path = HttpError.m; sourceTree = "<group>"; };
		C5F4D0B4178892B600BFE5A3 /* TcpServer.h */ = {isa = PBXFileReference; fileEncoding = 4; lastKnownFileType = sourcecode.c.h; path = TcpServer.h; sourceTree = "<group>"; };
		C5F4D0B5178892B600BFE5A3 /* TcpServer.m */ = {isa = PBXFileReference; fileEncoding = 4; lastKnownFileType = sourcecode.c.objc; path = TcpServer.m; sourceTree = "<group>"; };
		C5F4D0B7178A222900BFE5A3 /* TcpConnection.h */ = {isa = PBXFileReference; fileEncoding = 4; lastKnownFileType = sourcecode.c.h; path = TcpConnection.h; sourceTree = "<group>"; };
		C5F4D0B8178A222900BFE5A3 /* TcpConnection.m */ = {isa = PBXFileReference; fileEncoding = 4; lastKnownFileType = sourcecode.c.objc; path = TcpConnection.m; sourceTree = "<group>"; };
		C5F4D0BA178C1D2400BFE5A3 /* HttpStatusCodes.h */ = {isa = PBXFileReference; fileEncoding = 4; lastKnownFileType = sourcecode.c.h; path = HttpStatusCodes.h; sourceTree = "<group>"; };
		C5F4D0BB178C1D2400BFE5A3 /* HttpStatusCodes.m */ = {isa = PBXFileReference; fileEncoding = 4; lastKnownFileType = sourcecode.c.objc; path = HttpStatusCodes.m; sourceTree = "<group>"; };
		C5F4D0BD178C527B00BFE5A3 /* HttpServerRequest.h */ = {isa = PBXFileReference; fileEncoding = 4; lastKnownFileType = sourcecode.c.h; path = HttpServerRequest.h; sourceTree = "<group>"; };
		C5F4D0BE178C527B00BFE5A3 /* HttpServerRequest.m */ = {isa = PBXFileReference; fileEncoding = 4; lastKnownFileType = sourcecode.c.objc; path = HttpServerRequest.m; sourceTree = "<group>"; };
		C5F4D0C0178CBF8200BFE5A3 /* HttpServer.h */ = {isa = PBXFileReference; fileEncoding = 4; lastKnownFileType = sourcecode.c.h; path = HttpServer.h; sourceTree = "<group>"; };
		C5F4D0C1178CBF8200BFE5A3 /* HttpServer.m */ = {isa = PBXFileReference; fileEncoding = 4; lastKnownFileType = sourcecode.c.objc; path = HttpServer.m; sourceTree = "<group>"; };
		C5F4D0C3178CC02D00BFE5A3 /* HttpServerResponse.h */ = {isa = PBXFileReference; fileEncoding = 4; lastKnownFileType = sourcecode.c.h; path = HttpServerResponse.h; sourceTree = "<group>"; };
		C5F4D0C4178CC02D00BFE5A3 /* HttpServerResponse.m */ = {isa = PBXFileReference; fileEncoding = 4; lastKnownFileType = sourcecode.c.objc; path = HttpServerResponse.m; sourceTree = "<group>"; };
		C5F4D0C6178E179A00BFE5A3 /* HttpHeaderConstants.h */ = {isa = PBXFileReference; fileEncoding = 4; lastKnownFileType = sourcecode.c.h; path = HttpHeaderConstants.h; sourceTree = "<group>"; };
		C5F4D0C7178E179A00BFE5A3 /* HttpHeaderConstants.m */ = {isa = PBXFileReference; fileEncoding = 4; lastKnownFileType = sourcecode.c.objc; path = HttpHeaderConstants.m; sourceTree = "<group>"; };
		C5F4D0CC179224EC00BFE5A3 /* HelloServer.m */ = {isa = PBXFileReference; fileEncoding = 4; lastKnownFileType = sourcecode.c.objc; name = HelloServer.m; path = examples/HelloServer.m; sourceTree = SOURCE_ROOT; };
		C5F4D0D01792267400BFE5A3 /* EchoServer.m */ = {isa = PBXFileReference; fileEncoding = 4; lastKnownFileType = sourcecode.c.objc; name = EchoServer.m; path = examples/EchoServer.m; sourceTree = SOURCE_ROOT; };
		C5F4D0D21793706B00BFE5A3 /* FileServer.m */ = {isa = PBXFileReference; fileEncoding = 4; lastKnownFileType = sourcecode.c.objc; name = FileServer.m; path = examples/FileServer.m; sourceTree = SOURCE_ROOT; };
/* End PBXFileReference section */

/* Begin PBXFrameworksBuildPhase section */
		C547216117828B3E00851DDA /* Frameworks */ = {
			isa = PBXFrameworksBuildPhase;
			buildActionMask = 2147483647;
			files = (
				C547216817828B3E00851DDA /* Foundation.framework in Frameworks */,
			);
			runOnlyForDeploymentPostprocessing = 0;
		};
/* End PBXFrameworksBuildPhase section */

/* Begin PBXGroup section */
		C547215B17828B3E00851DDA = {
			isa = PBXGroup;
			children = (
				C547216917828B3E00851DDA /* http */,
				C547216617828B3E00851DDA /* Frameworks */,
				C547216517828B3E00851DDA /* Products */,
			);
			sourceTree = "<group>";
		};
		C547216517828B3E00851DDA /* Products */ = {
			isa = PBXGroup;
			children = (
				C547216417828B3E00851DDA /* http */,
			);
			name = Products;
			sourceTree = "<group>";
		};
		C547216617828B3E00851DDA /* Frameworks */ = {
			isa = PBXGroup;
			children = (
				C547216717828B3E00851DDA /* Foundation.framework */,
			);
			name = Frameworks;
			sourceTree = "<group>";
		};
		C547216917828B3E00851DDA /* http */ = {
			isa = PBXGroup;
			children = (
				C5F4D0D51795618700BFE5A3 /* examples */,
				C5F4D0AE1784D25100BFE5A3 /* HttpError.h */,
				C5F4D0AF1784D25100BFE5A3 /* HttpError.m */,
				C547217517828B5A00851DDA /* HttpHeader.h */,
				C547217617828B5A00851DDA /* HttpHeader.m */,
				C5F4D0C6178E179A00BFE5A3 /* HttpHeaderConstants.h */,
				C5F4D0C7178E179A00BFE5A3 /* HttpHeaderConstants.m */,
				C5F4D0C0178CBF8200BFE5A3 /* HttpServer.h */,
				C5F4D0C1178CBF8200BFE5A3 /* HttpServer.m */,
				C5F4D0BD178C527B00BFE5A3 /* HttpServerRequest.h */,
				C5F4D0BE178C527B00BFE5A3 /* HttpServerRequest.m */,
				C5F4D0C3178CC02D00BFE5A3 /* HttpServerResponse.h */,
				C5F4D0C4178CC02D00BFE5A3 /* HttpServerResponse.m */,
				C5F4D0BA178C1D2400BFE5A3 /* HttpStatusCodes.h */,
				C5F4D0BB178C1D2400BFE5A3 /* HttpStatusCodes.m */,
				C55B76A91797109A0001ADE9 /* HttpUrl.h */,
				C55B76AA1797109A0001ADE9 /* HttpUrl.m */,
				C547216A17828B3E00851DDA /* main.m */,
				C547216C17828B3E00851DDA /* Supporting Files */,
				C5F4D0B7178A222900BFE5A3 /* TcpConnection.h */,
				C5F4D0B8178A222900BFE5A3 /* TcpConnection.m */,
				C5F4D0B4178892B600BFE5A3 /* TcpServer.h */,
				C5F4D0B5178892B600BFE5A3 /* TcpServer.m */,
			);
			path = http;
			sourceTree = "<group>";
		};
		C547216C17828B3E00851DDA /* Supporting Files */ = {
			isa = PBXGroup;
			children = (
				C547216D17828B3E00851DDA /* http-Prefix.pch */,
			);
			name = "Supporting Files";
			sourceTree = "<group>";
		};
		C5F4D0D51795618700BFE5A3 /* examples */ = {
			isa = PBXGroup;
			children = (
				C5F4D0CC179224EC00BFE5A3 /* HelloServer.m */,
				C5F4D0D01792267400BFE5A3 /* EchoServer.m */,
				C5F4D0D21793706B00BFE5A3 /* FileServer.m */,
			);
			name = examples;
			sourceTree = "<group>";
		};
/* End PBXGroup section */

/* Begin PBXNativeTarget section */
		C547216317828B3E00851DDA /* http */ = {
			isa = PBXNativeTarget;
			buildConfigurationList = C547217217828B3E00851DDA /* Build configuration list for PBXNativeTarget "http" */;
			buildPhases = (
				C547216017828B3E00851DDA /* Sources */,
				C547216117828B3E00851DDA /* Frameworks */,
				C547216217828B3E00851DDA /* CopyFiles */,
			);
			buildRules = (
			);
			dependencies = (
			);
			name = http;
			productName = http;
			productReference = C547216417828B3E00851DDA /* http */;
			productType = "com.apple.product-type.tool";
		};
/* End PBXNativeTarget section */

/* Begin PBXProject section */
		C547215C17828B3E00851DDA /* Project object */ = {
			isa = PBXProject;
			attributes = {
				LastUpgradeCheck = 0460;
				ORGANIZATIONNAME = "Mirza Kapetanovic";
			};
			buildConfigurationList = C547215F17828B3E00851DDA /* Build configuration list for PBXProject "http" */;
			compatibilityVersion = "Xcode 3.2";
			developmentRegion = English;
			hasScannedForEncodings = 0;
			knownRegions = (
				en,
			);
			mainGroup = C547215B17828B3E00851DDA;
			productRefGroup = C547216517828B3E00851DDA /* Products */;
			projectDirPath = "";
			projectRoot = "";
			targets = (
				C547216317828B3E00851DDA /* http */,
			);
		};
/* End PBXProject section */

/* Begin PBXSourcesBuildPhase section */
		C547216017828B3E00851DDA /* Sources */ = {
			isa = PBXSourcesBuildPhase;
			buildActionMask = 2147483647;
			files = (
				C547216B17828B3E00851DDA /* main.m in Sources */,
				C547217717828B5A00851DDA /* HttpHeader.m in Sources */,
				C5F4D0B01784D25100BFE5A3 /* HttpError.m in Sources */,
				C5F4D0B6178892B600BFE5A3 /* TcpServer.m in Sources */,
				C5F4D0B9178A222900BFE5A3 /* TcpConnection.m in Sources */,
				C5F4D0BC178C1D2400BFE5A3 /* HttpStatusCodes.m in Sources */,
				C5F4D0BF178C527B00BFE5A3 /* HttpServerRequest.m in Sources */,
				C5F4D0C2178CBF8200BFE5A3 /* HttpServer.m in Sources */,
				C5F4D0C5178CC02D00BFE5A3 /* HttpServerResponse.m in Sources */,
				C5F4D0C8178E179A00BFE5A3 /* HttpHeaderConstants.m in Sources */,
				C5F4D0CD179224EC00BFE5A3 /* HelloServer.m in Sources */,
				C5F4D0D11792267400BFE5A3 /* EchoServer.m in Sources */,
				C5F4D0D31793706C00BFE5A3 /* FileServer.m in Sources */,
				C55B76AB1797109A0001ADE9 /* HttpUrl.m in Sources */,
			);
			runOnlyForDeploymentPostprocessing = 0;
		};
/* End PBXSourcesBuildPhase section */

/* Begin XCBuildConfiguration section */
		C547217017828B3E00851DDA /* Debug */ = {
			isa = XCBuildConfiguration;
			buildSettings = {
				ALWAYS_SEARCH_USER_PATHS = NO;
				ARCHS = "$(ARCHS_STANDARD_64_BIT)";
				CLANG_CXX_LANGUAGE_STANDARD = "gnu++0x";
				CLANG_CXX_LIBRARY = "libc++";
				CLANG_WARN_CONSTANT_CONVERSION = YES;
				CLANG_WARN_EMPTY_BODY = YES;
				CLANG_WARN_ENUM_CONVERSION = YES;
				CLANG_WARN_INT_CONVERSION = YES;
				CLANG_WARN__DUPLICATE_METHOD_MATCH = YES;
				COPY_PHASE_STRIP = NO;
				GCC_C_LANGUAGE_STANDARD = gnu99;
				GCC_DYNAMIC_NO_PIC = NO;
				GCC_ENABLE_OBJC_EXCEPTIONS = YES;
				GCC_OPTIMIZATION_LEVEL = 0;
				GCC_PREPROCESSOR_DEFINITIONS = (
					"DEBUG=1",
					"$(inherited)",
				);
				GCC_SYMBOLS_PRIVATE_EXTERN = NO;
				GCC_WARN_64_TO_32_BIT_CONVERSION = YES;
				GCC_WARN_ABOUT_RETURN_TYPE = YES;
				GCC_WARN_UNINITIALIZED_AUTOS = YES;
				GCC_WARN_UNUSED_VARIABLE = YES;
				MACOSX_DEPLOYMENT_TARGET = 10.8;
				ONLY_ACTIVE_ARCH = YES;
				SDKROOT = macosx;
			};
			name = Debug;
		};
		C547217117828B3E00851DDA /* Release */ = {
			isa = XCBuildConfiguration;
			buildSettings = {
				ALWAYS_SEARCH_USER_PATHS = NO;
				ARCHS = "$(ARCHS_STANDARD_64_BIT)";
				CLANG_CXX_LANGUAGE_STANDARD = "gnu++0x";
				CLANG_CXX_LIBRARY = "libc++";
				CLANG_WARN_CONSTANT_CONVERSION = YES;
				CLANG_WARN_EMPTY_BODY = YES;
				CLANG_WARN_ENUM_CONVERSION = YES;
				CLANG_WARN_INT_CONVERSION = YES;
				CLANG_WARN__DUPLICATE_METHOD_MATCH = YES;
				COPY_PHASE_STRIP = YES;
				DEBUG_INFORMATION_FORMAT = "dwarf-with-dsym";
				GCC_C_LANGUAGE_STANDARD = gnu99;
				GCC_ENABLE_OBJC_EXCEPTIONS = YES;
				GCC_WARN_64_TO_32_BIT_CONVERSION = YES;
				GCC_WARN_ABOUT_RETURN_TYPE = YES;
				GCC_WARN_UNINITIALIZED_AUTOS = YES;
				GCC_WARN_UNUSED_VARIABLE = YES;
				MACOSX_DEPLOYMENT_TARGET = 10.8;
				SDKROOT = macosx;
			};
			name = Release;
		};
		C547217317828B3E00851DDA /* Debug */ = {
			isa = XCBuildConfiguration;
			buildSettings = {
				GCC_PRECOMPILE_PREFIX_HEADER = YES;
				GCC_PREFIX_HEADER = "http/http-Prefix.pch";
				PRODUCT_NAME = "$(TARGET_NAME)";
			};
			name = Debug;
		};
		C547217417828B3E00851DDA /* Release */ = {
			isa = XCBuildConfiguration;
			buildSettings = {
				GCC_PRECOMPILE_PREFIX_HEADER = YES;
				GCC_PREFIX_HEADER = "http/http-Prefix.pch";
				PRODUCT_NAME = "$(TARGET_NAME)";
			};
			name = Release;
		};
/* End XCBuildConfiguration section */

/* Begin XCConfigurationList section */
		C547215F17828B3E00851DDA /* Build configuration list for PBXProject "http" */ = {
			isa = XCConfigurationList;
			buildConfigurations = (
				C547217017828B3E00851DDA /* Debug */,
				C547217117828B3E00851DDA /* Release */,
			);
			defaultConfigurationIsVisible = 0;
			defaultConfigurationName = Release;
		};
		C547217217828B3E00851DDA /* Build configuration list for PBXNativeTarget "http" */ = {
			isa = XCConfigurationList;
			buildConfigurations = (
				C547217317828B3E00851DDA /* Debug */,
				C547217417828B3E00851DDA /* Release */,
			);
			defaultConfigurationIsVisible = 0;
			defaultConfigurationName = Release;
		};
/* End XCConfigurationList section */
	};
	rootObject = C547215C17828B3E00851DDA /* Project object */;
}
